// !$*UTF8*$!
{
	archiveVersion = 1;
	classes = {
	};
	objectVersion = 50;
	objects = {

/* Begin PBXBuildFile section */
		13E4222025BF0A02001ADDDC /* main.cpp in Sources */ = {isa = PBXBuildFile; fileRef = 13E4221F25BF0A02001ADDDC /* main.cpp */; };
		13E4222A25BF0A80001ADDDC /* torvbell-int.cpp in Sources */ = {isa = PBXBuildFile; fileRef = 13E4222825BF0A80001ADDDC /* torvbell-int.cpp */; };
		13E4222F25BF0CBE001ADDDC /* torvbell-long.cpp in Sources */ = {isa = PBXBuildFile; fileRef = 13E4222D25BF0CBE001ADDDC /* torvbell-long.cpp */; };
/* End PBXBuildFile section */

/* Begin PBXCopyFilesBuildPhase section */
		13E4221A25BF0A02001ADDDC /* CopyFiles */ = {
			isa = PBXCopyFilesBuildPhase;
			buildActionMask = 2147483647;
			dstPath = /usr/share/man/man1/;
			dstSubfolderSpec = 0;
			files = (
			);
			runOnlyForDeploymentPostprocessing = 1;
		};
/* End PBXCopyFilesBuildPhase section */

/* Begin PBXFileReference section */
		13E4221C25BF0A02001ADDDC /* torvbell-cpp */ = {isa = PBXFileReference; explicitFileType = "compiled.mach-o.executable"; includeInIndex = 0; path = "torvbell-cpp"; sourceTree = BUILT_PRODUCTS_DIR; };
		13E4221F25BF0A02001ADDDC /* main.cpp */ = {isa = PBXFileReference; lastKnownFileType = sourcecode.cpp.cpp; path = main.cpp; sourceTree = "<group>"; };
		13E4222825BF0A80001ADDDC /* torvbell-int.cpp */ = {isa = PBXFileReference; lastKnownFileType = sourcecode.cpp.cpp; path = "torvbell-int.cpp"; sourceTree = "<group>"; };
		13E4222925BF0A80001ADDDC /* torvbell-int.hpp */ = {isa = PBXFileReference; lastKnownFileType = sourcecode.cpp.h; path = "torvbell-int.hpp"; sourceTree = "<group>"; };
		13E4222D25BF0CBE001ADDDC /* torvbell-long.cpp */ = {isa = PBXFileReference; lastKnownFileType = sourcecode.cpp.cpp; path = "torvbell-long.cpp"; sourceTree = "<group>"; };
		13E4222E25BF0CBE001ADDDC /* torvbell-long.hpp */ = {isa = PBXFileReference; lastKnownFileType = sourcecode.cpp.h; path = "torvbell-long.hpp"; sourceTree = "<group>"; };
/* End PBXFileReference section */

/* Begin PBXFrameworksBuildPhase section */
		13E4221925BF0A02001ADDDC /* Frameworks */ = {
			isa = PBXFrameworksBuildPhase;
			buildActionMask = 2147483647;
			files = (
			);
			runOnlyForDeploymentPostprocessing = 0;
		};
/* End PBXFrameworksBuildPhase section */

/* Begin PBXGroup section */
		13E4221325BF0A02001ADDDC = {
			isa = PBXGroup;
			children = (
				13E4221E25BF0A02001ADDDC /* torvbell-cpp */,
				13E4221D25BF0A02001ADDDC /* Products */,
			);
			sourceTree = "<group>";
		};
		13E4221D25BF0A02001ADDDC /* Products */ = {
			isa = PBXGroup;
			children = (
				13E4221C25BF0A02001ADDDC /* torvbell-cpp */,
			);
			name = Products;
			sourceTree = "<group>";
		};
		13E4221E25BF0A02001ADDDC /* torvbell-cpp */ = {
			isa = PBXGroup;
			children = (
				13E4222725BF0A5B001ADDDC /* no1-keyword */,
				13E4221F25BF0A02001ADDDC /* main.cpp */,
			);
			path = "torvbell-cpp";
			sourceTree = "<group>";
		};
		13E4222725BF0A5B001ADDDC /* no1-keyword */ = {
			isa = PBXGroup;
			children = (
				13E4222825BF0A80001ADDDC /* torvbell-int.cpp */,
				13E4222925BF0A80001ADDDC /* torvbell-int.hpp */,
				13E4222D25BF0CBE001ADDDC /* torvbell-long.cpp */,
				13E4222E25BF0CBE001ADDDC /* torvbell-long.hpp */,
			);
			name = "no1-keyword";
			sourceTree = "<group>";
		};
/* End PBXGroup section */

/* Begin PBXNativeTarget section */
		13E4221B25BF0A02001ADDDC /* torvbell-cpp */ = {
			isa = PBXNativeTarget;
			buildConfigurationList = 13E4222325BF0A02001ADDDC /* Build configuration list for PBXNativeTarget "torvbell-cpp" */;
			buildPhases = (
				13E4221825BF0A02001ADDDC /* Sources */,
				13E4221925BF0A02001ADDDC /* Frameworks */,
				13E4221A25BF0A02001ADDDC /* CopyFiles */,
			);
			buildRules = (
			);
			dependencies = (
			);
			name = "torvbell-cpp";
			productName = "torvbell-cpp";
			productReference = 13E4221C25BF0A02001ADDDC /* torvbell-cpp */;
			productType = "com.apple.product-type.tool";
		};
/* End PBXNativeTarget section */

/* Begin PBXProject section */
		13E4221425BF0A02001ADDDC /* Project object */ = {
			isa = PBXProject;
			attributes = {
				LastUpgradeCheck = 1230;
				TargetAttributes = {
					13E4221B25BF0A02001ADDDC = {
						CreatedOnToolsVersion = 12.3;
					};
				};
			};
			buildConfigurationList = 13E4221725BF0A02001ADDDC /* Build configuration list for PBXProject "torvbell-cpp" */;
			compatibilityVersion = "Xcode 9.3";
			developmentRegion = en;
			hasScannedForEncodings = 0;
			knownRegions = (
				en,
				Base,
			);
			mainGroup = 13E4221325BF0A02001ADDDC;
			productRefGroup = 13E4221D25BF0A02001ADDDC /* Products */;
			projectDirPath = "";
			projectRoot = "";
			targets = (
				13E4221B25BF0A02001ADDDC /* torvbell-cpp */,
			);
		};
/* End PBXProject section */

/* Begin PBXSourcesBuildPhase section */
		13E4221825BF0A02001ADDDC /* Sources */ = {
			isa = PBXSourcesBuildPhase;
			buildActionMask = 2147483647;
			files = (
				13E4222025BF0A02001ADDDC /* main.cpp in Sources */,
				13E4222A25BF0A80001ADDDC /* torvbell-int.cpp in Sources */,
				13E4222F25BF0CBE001ADDDC /* torvbell-long.cpp in Sources */,
			);
			runOnlyForDeploymentPostprocessing = 0;
		};
/* End PBXSourcesBuildPhase section */

/* Begin XCBuildConfiguration section */
		13E4222125BF0A02001ADDDC /* Debug */ = {
			isa = XCBuildConfiguration;
			buildSettings = {
				ALWAYS_SEARCH_USER_PATHS = NO;
				CLANG_ANALYZER_NONNULL = YES;
				CLANG_ANALYZER_NUMBER_OBJECT_CONVERSION = YES_AGGRESSIVE;
				CLANG_CXX_LANGUAGE_STANDARD = "gnu++14";
				CLANG_CXX_LIBRARY = "libc++";
				CLANG_ENABLE_MODULES = YES;
				CLANG_ENABLE_OBJC_ARC = YES;
				CLANG_ENABLE_OBJC_WEAK = YES;
				CLANG_WARN_BLOCK_CAPTURE_AUTORELEASING = YES;
				CLANG_WARN_BOOL_CONVERSION = YES;
				CLANG_WARN_COMMA = YES;
				CLANG_WARN_CONSTANT_CONVERSION = YES;
				CLANG_WARN_DEPRECATED_OBJC_IMPLEMENTATIONS = YES;
				CLANG_WARN_DIRECT_OBJC_ISA_USAGE = YES_ERROR;
				CLANG_WARN_DOCUMENTATION_COMMENTS = YES;
				CLANG_WARN_EMPTY_BODY = YES;
				CLANG_WARN_ENUM_CONVERSION = YES;
				CLANG_WARN_INFINITE_RECURSION = YES;
				CLANG_WARN_INT_CONVERSION = YES;
				CLANG_WARN_NON_LITERAL_NULL_CONVERSION = YES;
				CLANG_WARN_OBJC_IMPLICIT_RETAIN_SELF = YES;
				CLANG_WARN_OBJC_LITERAL_CONVERSION = YES;
				CLANG_WARN_OBJC_ROOT_CLASS = YES_ERROR;
				CLANG_WARN_QUOTED_INCLUDE_IN_FRAMEWORK_HEADER = YES;
				CLANG_WARN_RANGE_LOOP_ANALYSIS = YES;
				CLANG_WARN_STRICT_PROTOTYPES = YES;
				CLANG_WARN_SUSPICIOUS_MOVE = YES;
				CLANG_WARN_UNGUARDED_AVAILABILITY = YES_AGGRESSIVE;
				CLANG_WARN_UNREACHABLE_CODE = YES;
				CLANG_WARN__DUPLICATE_METHOD_MATCH = YES;
				COPY_PHASE_STRIP = NO;
				DEBUG_INFORMATION_FORMAT = dwarf;
				ENABLE_STRICT_OBJC_MSGSEND = YES;
				ENABLE_TESTABILITY = YES;
				GCC_C_LANGUAGE_STANDARD = gnu11;
				GCC_DYNAMIC_NO_PIC = NO;
				GCC_NO_COMMON_BLOCKS = YES;
				GCC_OPTIMIZATION_LEVEL = 0;
				GCC_PREPROCESSOR_DEFINITIONS = (
					"DEBUG=1",
					"$(inherited)",
				);
				GCC_WARN_64_TO_32_BIT_CONVERSION = YES;
				GCC_WARN_ABOUT_RETURN_TYPE = YES_ERROR;
				GCC_WARN_UNDECLARED_SELECTOR = YES;
				GCC_WARN_UNINITIALIZED_AUTOS = YES_AGGRESSIVE;
				GCC_WARN_UNUSED_FUNCTION = YES;
				GCC_WARN_UNUSED_VARIABLE = YES;
				MACOSX_DEPLOYMENT_TARGET = 11.1;
				MTL_ENABLE_DEBUG_INFO = INCLUDE_SOURCE;
				MTL_FAST_MATH = YES;
				ONLY_ACTIVE_ARCH = YES;
				SDKROOT = macosx;
			};
			name = Debug;
		};
		13E4222225BF0A02001ADDDC /* Release */ = {
			isa = XCBuildConfiguration;
			buildSettings = {
				ALWAYS_SEARCH_USER_PATHS = NO;
				CLANG_ANALYZER_NONNULL = YES;
				CLANG_ANALYZER_NUMBER_OBJECT_CONVERSION = YES_AGGRESSIVE;
				CLANG_CXX_LANGUAGE_STANDARD = "gnu++14";
				CLANG_CXX_LIBRARY = "libc++";
				CLANG_ENABLE_MODULES = YES;
				CLANG_ENABLE_OBJC_ARC = YES;
				CLANG_ENABLE_OBJC_WEAK = YES;
				CLANG_WARN_BLOCK_CAPTURE_AUTORELEASING = YES;
				CLANG_WARN_BOOL_CONVERSION = YES;
				CLANG_WARN_COMMA = YES;
				CLANG_WARN_CONSTANT_CONVERSION = YES;
				CLANG_WARN_DEPRECATED_OBJC_IMPLEMENTATIONS = YES;
				CLANG_WARN_DIRECT_OBJC_ISA_USAGE = YES_ERROR;
				CLANG_WARN_DOCUMENTATION_COMMENTS = YES;
				CLANG_WARN_EMPTY_BODY = YES;
				CLANG_WARN_ENUM_CONVERSION = YES;
				CLANG_WARN_INFINITE_RECURSION = YES;
				CLANG_WARN_INT_CONVERSION = YES;
				CLANG_WARN_NON_LITERAL_NULL_CONVERSION = YES;
				CLANG_WARN_OBJC_IMPLICIT_RETAIN_SELF = YES;
				CLANG_WARN_OBJC_LITERAL_CONVERSION = YES;
				CLANG_WARN_OBJC_ROOT_CLASS = YES_ERROR;
				CLANG_WARN_QUOTED_INCLUDE_IN_FRAMEWORK_HEADER = YES;
				CLANG_WARN_RANGE_LOOP_ANALYSIS = YES;
				CLANG_WARN_STRICT_PROTOTYPES = YES;
				CLANG_WARN_SUSPICIOUS_MOVE = YES;
				CLANG_WARN_UNGUARDED_AVAILABILITY = YES_AGGRESSIVE;
				CLANG_WARN_UNREACHABLE_CODE = YES;
				CLANG_WARN__DUPLICATE_METHOD_MATCH = YES;
				COPY_PHASE_STRIP = NO;
				DEBUG_INFORMATION_FORMAT = "dwarf-with-dsym";
				ENABLE_NS_ASSERTIONS = NO;
				ENABLE_STRICT_OBJC_MSGSEND = YES;
				GCC_C_LANGUAGE_STANDARD = gnu11;
				GCC_NO_COMMON_BLOCKS = YES;
				GCC_WARN_64_TO_32_BIT_CONVERSION = YES;
				GCC_WARN_ABOUT_RETURN_TYPE = YES_ERROR;
				GCC_WARN_UNDECLARED_SELECTOR = YES;
				GCC_WARN_UNINITIALIZED_AUTOS = YES_AGGRESSIVE;
				GCC_WARN_UNUSED_FUNCTION = YES;
				GCC_WARN_UNUSED_VARIABLE = YES;
				MACOSX_DEPLOYMENT_TARGET = 11.1;
				MTL_ENABLE_DEBUG_INFO = NO;
				MTL_FAST_MATH = YES;
				SDKROOT = macosx;
			};
			name = Release;
		};
		13E4222425BF0A02001ADDDC /* Debug */ = {
			isa = XCBuildConfiguration;
			buildSettings = {
				CODE_SIGN_STYLE = Automatic;
				PRODUCT_NAME = "$(TARGET_NAME)";
			};
			name = Debug;
		};
		13E4222525BF0A02001ADDDC /* Release */ = {
			isa = XCBuildConfiguration;
			buildSettings = {
				CODE_SIGN_STYLE = Automatic;
				PRODUCT_NAME = "$(TARGET_NAME)";
			};
			name = Release;
		};
/* End XCBuildConfiguration section */

/* Begin XCConfigurationList section */
		13E4221725BF0A02001ADDDC /* Build configuration list for PBXProject "torvbell-cpp" */ = {
			isa = XCConfigurationList;
			buildConfigurations = (
				13E4222125BF0A02001ADDDC /* Debug */,
				13E4222225BF0A02001ADDDC /* Release */,
			);
			defaultConfigurationIsVisible = 0;
			defaultConfigurationName = Release;
		};
		13E4222325BF0A02001ADDDC /* Build configuration list for PBXNativeTarget "torvbell-cpp" */ = {
			isa = XCConfigurationList;
			buildConfigurations = (
				13E4222425BF0A02001ADDDC /* Debug */,
				13E4222525BF0A02001ADDDC /* Release */,
			);
			defaultConfigurationIsVisible = 0;
			defaultConfigurationName = Release;
		};
/* End XCConfigurationList section */
	};
	rootObject = 13E4221425BF0A02001ADDDC /* Project object */;
}
